// !$*UTF8*$!
{
	archiveVersion = 1;
	classes = {
	};
	objectVersion = 46;
	objects = {

/* Begin PBXBuildFile section */
		CDE5F11D1A8C1D2100F666DC /* main.c in Sources */ = {isa = PBXBuildFile; fileRef = CDE5F11C1A8C1D2100F666DC /* main.c */; };
		CDE5F1251A8C1EA200F666DC /* producer.c in Sources */ = {isa = PBXBuildFile; fileRef = CDE5F1231A8C1EA200F666DC /* producer.c */; };
		CDE5F1281A8C1EAF00F666DC /* consumer.c in Sources */ = {isa = PBXBuildFile; fileRef = CDE5F1261A8C1EAF00F666DC /* consumer.c */; };
/* End PBXBuildFile section */

/* Begin PBXCopyFilesBuildPhase section */
		CDE5F1171A8C1D2100F666DC /* CopyFiles */ = {
			isa = PBXCopyFilesBuildPhase;
			buildActionMask = 2147483647;
			dstPath = /usr/share/man/man1/;
			dstSubfolderSpec = 0;
			files = (
			);
			runOnlyForDeploymentPostprocessing = 1;
		};
/* End PBXCopyFilesBuildPhase section */

/* Begin PBXFileReference section */
		CDE5F1191A8C1D2100F666DC /* Assignment2 */ = {isa = PBXFileReference; explicitFileType = "compiled.mach-o.executable"; includeInIndex = 0; path = Assignment2; sourceTree = BUILT_PRODUCTS_DIR; };
		CDE5F11C1A8C1D2100F666DC /* main.c */ = {isa = PBXFileReference; lastKnownFileType = sourcecode.c.c; path = main.c; sourceTree = "<group>"; };
		CDE5F1231A8C1EA200F666DC /* producer.c */ = {isa = PBXFileReference; fileEncoding = 4; lastKnownFileType = sourcecode.c.c; path = producer.c; sourceTree = "<group>"; };
		CDE5F1241A8C1EA200F666DC /* producer.h */ = {isa = PBXFileReference; fileEncoding = 4; lastKnownFileType = sourcecode.c.h; path = producer.h; sourceTree = "<group>"; };
		CDE5F1261A8C1EAF00F666DC /* consumer.c */ = {isa = PBXFileReference; fileEncoding = 4; lastKnownFileType = sourcecode.c.c; path = consumer.c; sourceTree = "<group>"; };
		CDE5F1271A8C1EAF00F666DC /* consumer.h */ = {isa = PBXFileReference; fileEncoding = 4; lastKnownFileType = sourcecode.c.h; path = consumer.h; sourceTree = "<group>"; };
		CDE5F1291A924A1A00F666DC /* main.h */ = {isa = PBXFileReference; fileEncoding = 4; lastKnownFileType = sourcecode.c.h; path = main.h; sourceTree = "<group>"; };
/* End PBXFileReference section */

/* Begin PBXFrameworksBuildPhase section */
		CDE5F1161A8C1D2100F666DC /* Frameworks */ = {
			isa = PBXFrameworksBuildPhase;
			buildActionMask = 2147483647;
			files = (
			);
			runOnlyForDeploymentPostprocessing = 0;
		};
/* End PBXFrameworksBuildPhase section */

/* Begin PBXGroup section */
		CDE5F1101A8C1D2100F666DC = {
			isa = PBXGroup;
			children = (
				CDE5F11B1A8C1D2100F666DC /* Assignment2 */,
				CDE5F11A1A8C1D2100F666DC /* Products */,
			);
			sourceTree = "<group>";
		};
		CDE5F11A1A8C1D2100F666DC /* Products */ = {
			isa = PBXGroup;
			children = (
				CDE5F1191A8C1D2100F666DC /* Assignment2 */,
			);
			name = Products;
			sourceTree = "<group>";
		};
		CDE5F11B1A8C1D2100F666DC /* Assignment2 */ = {
			isa = PBXGroup;
			children = (
				CDE5F11C1A8C1D2100F666DC /* main.c */,
				CDE5F1231A8C1EA200F666DC /* producer.c */,
				CDE5F1241A8C1EA200F666DC /* producer.h */,
				CDE5F1261A8C1EAF00F666DC /* consumer.c */,
				CDE5F1271A8C1EAF00F666DC /* consumer.h */,
				CDE5F1291A924A1A00F666DC /* main.h */,
			);
			path = Assignment2;
			sourceTree = "<group>";
		};
/* End PBXGroup section */

/* Begin PBXNativeTarget section */
		CDE5F1181A8C1D2100F666DC /* Assignment2 */ = {
			isa = PBXNativeTarget;
			buildConfigurationList = CDE5F1201A8C1D2100F666DC /* Build configuration list for PBXNativeTarget "Assignment2" */;
			buildPhases = (
				CDE5F1151A8C1D2100F666DC /* Sources */,
				CDE5F1161A8C1D2100F666DC /* Frameworks */,
				CDE5F1171A8C1D2100F666DC /* CopyFiles */,
			);
			buildRules = (
			);
			dependencies = (
			);
			name = Assignment2;
			productName = Assignment2;
			productReference = CDE5F1191A8C1D2100F666DC /* Assignment2 */;
			productType = "com.apple.product-type.tool";
		};
/* End PBXNativeTarget section */

/* Begin PBXProject section */
		CDE5F1111A8C1D2100F666DC /* Project object */ = {
			isa = PBXProject;
			attributes = {
				LastUpgradeCheck = 0610;
				ORGANIZATIONNAME = "James Eggers";
				TargetAttributes = {
					CDE5F1181A8C1D2100F666DC = {
						CreatedOnToolsVersion = 6.1.1;
					};
				};
			};
			buildConfigurationList = CDE5F1141A8C1D2100F666DC /* Build configuration list for PBXProject "Assignment2" */;
			compatibilityVersion = "Xcode 3.2";
			developmentRegion = English;
			hasScannedForEncodings = 0;
			knownRegions = (
				en,
			);
			mainGroup = CDE5F1101A8C1D2100F666DC;
			productRefGroup = CDE5F11A1A8C1D2100F666DC /* Products */;
			projectDirPath = "";
			projectRoot = "";
			targets = (
				CDE5F1181A8C1D2100F666DC /* Assignment2 */,
			);
		};
/* End PBXProject section */

/* Begin PBXSourcesBuildPhase section */
		CDE5F1151A8C1D2100F666DC /* Sources */ = {
			isa = PBXSourcesBuildPhase;
			buildActionMask = 2147483647;
			files = (
				CDE5F11D1A8C1D2100F666DC /* main.c in Sources */,
				CDE5F1281A8C1EAF00F666DC /* consumer.c in Sources */,
				CDE5F1251A8C1EA200F666DC /* producer.c in Sources */,
			);
			runOnlyForDeploymentPostprocessing = 0;
		};
/* End PBXSourcesBuildPhase section */

/* Begin XCBuildConfiguration section */
		CDE5F11E1A8C1D2100F666DC /* Debug */ = {
			isa = XCBuildConfiguration;
			buildSettings = {
				ALWAYS_SEARCH_USER_PATHS = NO;
				CLANG_CXX_LANGUAGE_STANDARD = "gnu++0x";
				CLANG_CXX_LIBRARY = "libc++";
				CLANG_ENABLE_MODULES = YES;
				CLANG_ENABLE_OBJC_ARC = YES;
				CLANG_WARN_BOOL_CONVERSION = YES;
				CLANG_WARN_CONSTANT_CONVERSION = YES;
				CLANG_WARN_DIRECT_OBJC_ISA_USAGE = YES_ERROR;
				CLANG_WARN_EMPTY_BODY = YES;
				CLANG_WARN_ENUM_CONVERSION = YES;
				CLANG_WARN_INT_CONVERSION = YES;
				CLANG_WARN_OBJC_ROOT_CLASS = YES_ERROR;
				CLANG_WARN_UNREACHABLE_CODE = YES;
				CLANG_WARN__DUPLICATE_METHOD_MATCH = YES;
				COPY_PHASE_STRIP = NO;
				ENABLE_STRICT_OBJC_MSGSEND = YES;
				GCC_C_LANGUAGE_STANDARD = gnu99;
				GCC_DYNAMIC_NO_PIC = NO;
				GCC_OPTIMIZATION_LEVEL = 0;
				GCC_PREPROCESSOR_DEFINITIONS = (
					"DEBUG=1",
					"$(inherited)",
				);
				GCC_SYMBOLS_PRIVATE_EXTERN = NO;
				GCC_WARN_64_TO_32_BIT_CONVERSION = YES;
				GCC_WARN_ABOUT_RETURN_TYPE = YES_ERROR;
				GCC_WARN_UNDECLARED_SELECTOR = YES;
				GCC_WARN_UNINITIALIZED_AUTOS = YES_AGGRESSIVE;
				GCC_WARN_UNUSED_FUNCTION = YES;
				GCC_WARN_UNUSED_VARIABLE = YES;
				MACOSX_DEPLOYMENT_TARGET = 10.9;
				MTL_ENABLE_DEBUG_INFO = YES;
				ONLY_ACTIVE_ARCH = YES;
				SDKROOT = macosx;
			};
			name = Debug;
		};
		CDE5F11F1A8C1D2100F666DC /* Release */ = {
			isa = XCBuildConfiguration;
			buildSettings = {
				ALWAYS_SEARCH_USER_PATHS = NO;
				CLANG_CXX_LANGUAGE_STANDARD = "gnu++0x";
				CLANG_CXX_LIBRARY = "libc++";
				CLANG_ENABLE_MODULES = YES;
				CLANG_ENABLE_OBJC_ARC = YES;
				CLANG_WARN_BOOL_CONVERSION = YES;
				CLANG_WARN_CONSTANT_CONVERSION = YES;
				CLANG_WARN_DIRECT_OBJC_ISA_USAGE = YES_ERROR;
				CLANG_WARN_EMPTY_BODY = YES;
				CLANG_WARN_ENUM_CONVERSION = YES;
				CLANG_WARN_INT_CONVERSION = YES;
				CLANG_WARN_OBJC_ROOT_CLASS = YES_ERROR;
				CLANG_WARN_UNREACHABLE_CODE = YES;
				CLANG_WARN__DUPLICATE_METHOD_MATCH = YES;
				COPY_PHASE_STRIP = YES;
				DEBUG_INFORMATION_FORMAT = "dwarf-with-dsym";
				ENABLE_NS_ASSERTIONS = NO;
				ENABLE_STRICT_OBJC_MSGSEND = YES;
				GCC_C_LANGUAGE_STANDARD = gnu99;
				GCC_WARN_64_TO_32_BIT_CONVERSION = YES;
				GCC_WARN_ABOUT_RETURN_TYPE = YES_ERROR;
				GCC_WARN_UNDECLARED_SELECTOR = YES;
				GCC_WARN_UNINITIALIZED_AUTOS = YES_AGGRESSIVE;
				GCC_WARN_UNUSED_FUNCTION = YES;
				GCC_WARN_UNUSED_VARIABLE = YES;
				MACOSX_DEPLOYMENT_TARGET = 10.9;
				MTL_ENABLE_DEBUG_INFO = NO;
				SDKROOT = macosx;
			};
			name = Release;
		};
		CDE5F1211A8C1D2100F666DC /* Debug */ = {
			isa = XCBuildConfiguration;
			buildSettings = {
				PRODUCT_NAME = "$(TARGET_NAME)";
			};
			name = Debug;
		};
		CDE5F1221A8C1D2100F666DC /* Release */ = {
			isa = XCBuildConfiguration;
			buildSettings = {
				PRODUCT_NAME = "$(TARGET_NAME)";
			};
			name = Release;
		};
/* End XCBuildConfiguration section */

/* Begin XCConfigurationList section */
		CDE5F1141A8C1D2100F666DC /* Build configuration list for PBXProject "Assignment2" */ = {
			isa = XCConfigurationList;
			buildConfigurations = (
				CDE5F11E1A8C1D2100F666DC /* Debug */,
				CDE5F11F1A8C1D2100F666DC /* Release */,
			);
			defaultConfigurationIsVisible = 0;
			defaultConfigurationName = Release;
		};
		CDE5F1201A8C1D2100F666DC /* Build configuration list for PBXNativeTarget "Assignment2" */ = {
			isa = XCConfigurationList;
			buildConfigurations = (
				CDE5F1211A8C1D2100F666DC /* Debug */,
				CDE5F1221A8C1D2100F666DC /* Release */,
			);
			defaultConfigurationIsVisible = 0;
		};
/* End XCConfigurationList section */
	};
	rootObject = CDE5F1111A8C1D2100F666DC /* Project object */;
}
